<?xml version="1.0" encoding="utf-8"?>
<Project ToolsVersion="4.0" xmlns="http://schemas.microsoft.com/developer/msbuild/2003">
  <ItemGroup>
    <Filter Include="Source Files">
      <UniqueIdentifier>{4FC737F1-C7A5-4376-A066-2A32D752A2FF}</UniqueIdentifier>
      <Extensions>cpp;c;cc;cxx;def;odl;idl;hpj;bat;asm;asmx</Extensions>
    </Filter>
    <Filter Include="Header Files">
      <UniqueIdentifier>{93995380-89BD-4b04-88EB-625FBE52EBFB}</UniqueIdentifier>
      <Extensions>h;hh;hpp;hxx;hm;inl;inc;xsd</Extensions>
    </Filter>
    <Filter Include="Resource Files">
      <UniqueIdentifier>{67DA6AB6-F800-4c08-8B7A-83BB121AAD01}</UniqueIdentifier>
      <Extensions>rc;ico;cur;bmp;dlg;rc2;rct;bin;rgs;gif;jpg;jpeg;jpe;resx;tiff;tif;png;wav;mfcribbon-ms</Extensions>
    </Filter>
    <Filter Include="Source Files\System">
      <UniqueIdentifier>{44bf4c62-6a08-4bbe-9f6f-1cabb8b0f467}</UniqueIdentifier>
    </Filter>
    <Filter Include="Source Files\Scene">
      <UniqueIdentifier>{ca5b66e3-a568-4161-afe8-0deeaf3b9552}</UniqueIdentifier>
    </Filter>
    <Filter Include="Source Files\2DScene">
      <UniqueIdentifier>{e8fdb9a0-8820-4547-aafb-ad337cbddaab}</UniqueIdentifier>
    </Filter>
    <Filter Include="Source Files\Timer">
      <UniqueIdentifier>{7b7c6b91-4b36-49cc-89ec-3c4f522249d3}</UniqueIdentifier>
    </Filter>
    <Filter Include="Source Files\2DScene\Simple2DObject">
      <UniqueIdentifier>{dd2560d9-b244-47af-ab3f-bc0fd88b61d6}</UniqueIdentifier>
    </Filter>
    <Filter Include="Source Files\Texture">
      <UniqueIdentifier>{8769474d-b1a6-4d8f-9c40-acf1f0d0b08f}</UniqueIdentifier>
    </Filter>
    <Filter Include="Source Files\DataStructures">
      <UniqueIdentifier>{c9328bc5-29da-428b-8547-c59b09889451}</UniqueIdentifier>
    </Filter>
    <Filter Include="Source Files\SpriteFont">
      <UniqueIdentifier>{1238725f-a3b7-460c-8b50-24d660e146e0}</UniqueIdentifier>
    </Filter>
    <Filter Include="Source Files\FPSCounter">
      <UniqueIdentifier>{6113b936-a05c-435e-8611-20edc8e3d0e2}</UniqueIdentifier>
    </Filter>
    <Filter Include="Source Files\SpriteBatch">
      <UniqueIdentifier>{22dfbb17-131d-43b9-8ae4-201b218d2d6f}</UniqueIdentifier>
    </Filter>
    <Filter Include="Source Files\Input">
      <UniqueIdentifier>{b5be56c8-93e9-42d7-a305-381407390061}</UniqueIdentifier>
    </Filter>
    <Filter Include="Source Files\Cube">
      <UniqueIdentifier>{5a0629fe-229e-439a-b743-425be404d272}</UniqueIdentifier>
    </Filter>
    <Filter Include="Source Files\Camera">
      <UniqueIdentifier>{5fa069d8-f2b6-4e4c-9b6f-9b1dc870248d}</UniqueIdentifier>
    </Filter>
  </ItemGroup>
  <ItemGroup>
    <ClCompile Include="Main.cpp">
      <Filter>Source Files</Filter>
    </ClCompile>
    <ClCompile Include="System.cpp">
      <Filter>Source Files\System</Filter>
    </ClCompile>
    <ClCompile Include="2DScene.cpp">
      <Filter>Source Files\2DScene</Filter>
    </ClCompile>
    <ClCompile Include="Timer.cpp">
      <Filter>Source Files\Timer</Filter>
    </ClCompile>
    <ClCompile Include="Simple2DObject.cpp">
      <Filter>Source Files\2DScene\Simple2DObject</Filter>
    </ClCompile>
    <ClCompile Include="Texture.cpp">
      <Filter>Source Files\Texture</Filter>
    </ClCompile>
    <ClCompile Include="Rect.cpp">
      <Filter>Source Files\DataStructures</Filter>
    </ClCompile>
    <ClCompile Include="SpriteBatch.cpp">
      <Filter>Source Files\SpriteBatch</Filter>
    </ClCompile>
    <ClCompile Include="SpriteFont.cpp">
      <Filter>Source Files\SpriteFont</Filter>
    </ClCompile>
    <ClCompile Include="FPSCounter.cpp">
      <Filter>Source Files\FPSCounter</Filter>
    </ClCompile>
    <ClCompile Include="Input.cpp">
      <Filter>Source Files\Input</Filter>
    </ClCompile>
    <ClCompile Include="Cube.cpp">
      <Filter>Source Files\Cube</Filter>
    </ClCompile>
    <ClCompile Include="Camera.cpp">
      <Filter>Source Files\Camera</Filter>
    </ClCompile>
  </ItemGroup>
  <ItemGroup>
    <ClInclude Include="System.h">
      <Filter>Source Files\System</Filter>
    </ClInclude>
    <ClInclude Include="d3dinclude.h">
      <Filter>Source Files</Filter>
    </ClInclude>
    <ClInclude Include="Scene.h">
      <Filter>Source Files\Scene</Filter>
    </ClInclude>
    <ClInclude Include="2DScene.h">
      <Filter>Source Files\2DScene</Filter>
    </ClInclude>
    <ClInclude Include="Timer.h">
      <Filter>Source Files\Timer</Filter>
    </ClInclude>
    <ClInclude Include="Simple2DObject.h">
      <Filter>Source Files\2DScene\Simple2DObject</Filter>
    </ClInclude>
    <ClInclude Include="Simple2DObject_Structs.h">
      <Filter>Source Files\2DScene\Simple2DObject</Filter>
    </ClInclude>
    <ClInclude Include="Texture.h">
      <Filter>Source Files\Texture</Filter>
    </ClInclude>
    <ClInclude Include="SpriteBatch.h">
      <Filter>Source Files\SpriteBatch</Filter>
    </ClInclude>
    <ClInclude Include="Rect.h">
      <Filter>Source Files\DataStructures</Filter>
    </ClInclude>
    <ClInclude Include="SpriteBatch_Structs.h">
      <Filter>Source Files\SpriteBatch</Filter>
    </ClInclude>
    <ClInclude Include="SpriteFont.h">
      <Filter>Source Files\SpriteFont</Filter>
    </ClInclude>
    <ClInclude Include="CharDesc.h">
      <Filter>Source Files\SpriteFont</Filter>
    </ClInclude>
    <ClInclude Include="FPSCounter.h">
      <Filter>Source Files\FPSCounter</Filter>
    </ClInclude>
    <ClInclude Include="Input.h">
      <Filter>Source Files\Input</Filter>
    </ClInclude>
    <ClInclude Include="Cube.h">
      <Filter>Source Files\Cube</Filter>
    </ClInclude>
    <ClInclude Include="Cube_Structs.h">
      <Filter>Source Files\Cube</Filter>
    </ClInclude>
    <ClInclude Include="Camera.h">
      <Filter>Source Files\Camera</Filter>
    </ClInclude>
  </ItemGroup>
  <ItemGroup>
    <FxCompile Include="Simple2DShader.hlsl">
      <Filter>Source Files\2DScene\Simple2DObject</Filter>
    </FxCompile>
    <FxCompile Include="SpriteBatchShader.hlsl">
      <Filter>Source Files\SpriteBatch</Filter>
    </FxCompile>
    <FxCompile Include="Cube.hlsl">
      <Filter>Source Files\Cube</Filter>
    </FxCompile>
  </ItemGroup>
</Project>